
Microsoft Visual Studio Solution File, Format Version 12.00
# Visual Studio Version 16
VisualStudioVersion = 16.0.29905.134
MinimumVisualStudioVersion = 10.0.40219.1
Project("{FAE04EC0-301F-11D3-BF4B-00C04F79EFBC}") = "Laboratorio3", "Laboratorio3\Laboratorio3.csproj", "{F05B055A-7AE8-4474-AD35-8081D1EABB21}"
EndProject
Global
	GlobalSection(SolutionConfigurationPlatforms) = preSolution
		Debug|Any CPU = Debug|Any CPU
		Release|Any CPU = Release|Any CPU
	EndGlobalSection
	GlobalSection(ProjectConfigurationPlatforms) = postSolution
		{F05B055A-7AE8-4474-AD35-8081D1EABB21}.Debug|Any CPU.ActiveCfg = Debug|Any CPU
		{F05B055A-7AE8-4474-AD35-8081D1EABB21}.Debug|Any CPU.Build.0 = Debug|Any CPU
		{F05B055A-7AE8-4474-AD35-8081D1EABB21}.Release|Any CPU.ActiveCfg = Release|Any CPU
		{F05B055A-7AE8-4474-AD35-8081D1EABB21}.Release|Any CPU.Build.0 = Release|Any CPU
	EndGlobalSection
	GlobalSection(SolutionProperties) = preSolution
		HideSolutionNode = FALSE
	EndGlobalSection
	GlobalSection(ExtensibilityGlobals) = postSolution
		SolutionGuid = {760B209D-C0C8-4888-A797-54A487B23E48}
	EndGlobalSection
EndGlobal
